{
  "nodes": {
    "cargo2nix": {
      "inputs": {
        "flake-compat": "flake-compat",
        "flake-utils": "flake-utils",
        "nixpkgs": [
          "nl2bench",
          "quaigh",
          "nixpkgs"
        ],
        "rust-overlay": "rust-overlay"
      },
      "locked": {
        "lastModified": 1705129117,
        "narHash": "sha256-LgdDHibvimzYhxBK3kxCk2gAL7k4Hyigl5KI0X9cijA=",
        "owner": "cargo2nix",
        "repo": "cargo2nix",
        "rev": "ae19a9e1f8f0880c088ea155ab66cee1fa001f59",
        "type": "github"
      },
      "original": {
        "owner": "cargo2nix",
        "ref": "release-0.11.0",
        "repo": "cargo2nix",
        "type": "github"
      }
    },
    "cargo2nix_2": {
      "inputs": {
        "flake-compat": "flake-compat_2",
        "flake-utils": "flake-utils_2",
        "nixpkgs": [
          "quaigh",
          "nixpkgs"
        ],
        "rust-overlay": "rust-overlay_2"
      },
      "locked": {
        "lastModified": 1705129117,
        "narHash": "sha256-LgdDHibvimzYhxBK3kxCk2gAL7k4Hyigl5KI0X9cijA=",
        "owner": "cargo2nix",
        "repo": "cargo2nix",
        "rev": "ae19a9e1f8f0880c088ea155ab66cee1fa001f59",
        "type": "github"
      },
      "original": {
        "owner": "cargo2nix",
        "ref": "release-0.11.0",
        "repo": "cargo2nix",
        "type": "github"
      }
    },
    "flake-compat": {
      "flake": false,
      "locked": {
        "lastModified": 1696426674,
        "narHash": "sha256-kvjfFW7WAETZlt09AgDn1MrtKzP7t90Vf7vypd3OL1U=",
        "owner": "edolstra",
        "repo": "flake-compat",
        "rev": "0f9255e01c2351cc7d116c072cb317785dd33b33",
        "type": "github"
      },
      "original": {
        "owner": "edolstra",
        "repo": "flake-compat",
        "type": "github"
      }
    },
    "flake-compat_2": {
      "flake": false,
      "locked": {
        "lastModified": 1696426674,
        "narHash": "sha256-kvjfFW7WAETZlt09AgDn1MrtKzP7t90Vf7vypd3OL1U=",
        "owner": "edolstra",
        "repo": "flake-compat",
        "rev": "0f9255e01c2351cc7d116c072cb317785dd33b33",
        "type": "github"
      },
      "original": {
        "owner": "edolstra",
        "repo": "flake-compat",
        "type": "github"
      }
    },
    "flake-utils": {
      "inputs": {
        "systems": "systems"
      },
      "locked": {
        "lastModified": 1694529238,
        "narHash": "sha256-zsNZZGTGnMOf9YpHKJqMSsa0dXbfmxeoJ7xHlrt+xmY=",
        "owner": "numtide",
        "repo": "flake-utils",
        "rev": "ff7b65b44d01cf9ba6a71320833626af21126384",
        "type": "github"
      },
      "original": {
        "owner": "numtide",
        "repo": "flake-utils",
        "type": "github"
      }
    },
    "flake-utils_2": {
      "inputs": {
        "systems": "systems_2"
      },
      "locked": {
        "lastModified": 1694529238,
        "narHash": "sha256-zsNZZGTGnMOf9YpHKJqMSsa0dXbfmxeoJ7xHlrt+xmY=",
        "owner": "numtide",
        "repo": "flake-utils",
        "rev": "ff7b65b44d01cf9ba6a71320833626af21126384",
        "type": "github"
      },
      "original": {
        "owner": "numtide",
        "repo": "flake-utils",
        "type": "github"
      }
    },
    "libparse": {
      "inputs": {
        "nixpkgs": [
          "nl2bench",
          "nix-eda",
          "nixpkgs"
        ]
      },
      "locked": {
        "lastModified": 1713178934,
        "narHash": "sha256-1w6HBBE2bWAD0GM98O8WZRmZDW9+EzD0KFvnnH2ho/k=",
        "owner": "efabless",
        "repo": "libparse-python",
        "rev": "cec8b6dfd3d1c97bc5ccd1d0a41c44e51bc9c1eb",
        "type": "github"
      },
      "original": {
        "owner": "efabless",
        "repo": "libparse-python",
        "type": "github"
      }
    },
    "nix-eda": {
      "inputs": {
        "nixpkgs": "nixpkgs"
      },
      "locked": {
        "lastModified": 1727685714,
        "narHash": "sha256-WI7eCVT8fp4k6Iizky0UeFr/3vPnOat1P1gr+tLufRk=",
        "owner": "efabless",
        "repo": "nix-eda",
        "rev": "3fc4884a62cd3b62230ee90b9687f5aaebe98543",
        "type": "github"
      },
      "original": {
        "owner": "efabless",
        "repo": "nix-eda",
        "type": "github"
      }
    },
    "nixpkgs": {
      "locked": {
        "lastModified": 1717144377,
        "narHash": "sha256-F/TKWETwB5RaR8owkPPi+SPJh83AQsm6KrQAlJ8v/uA=",
        "owner": "nixos",
        "repo": "nixpkgs",
        "rev": "805a384895c696f802a9bf5bf4720f37385df547",
        "type": "github"
      },
      "original": {
        "owner": "nixos",
        "ref": "nixos-24.05",
        "repo": "nixpkgs",
        "type": "github"
      }
    },
    "nixpkgs_2": {
      "locked": {
        "lastModified": 1717144377,
        "narHash": "sha256-F/TKWETwB5RaR8owkPPi+SPJh83AQsm6KrQAlJ8v/uA=",
        "owner": "nixos",
        "repo": "nixpkgs",
        "rev": "805a384895c696f802a9bf5bf4720f37385df547",
        "type": "github"
      },
      "original": {
        "owner": "nixos",
        "ref": "nixos-24.05",
        "repo": "nixpkgs",
        "type": "github"
      }
    },
    "nl2bench": {
      "inputs": {
        "libparse": "libparse",
        "nix-eda": [
          "nix-eda"
        ],
        "quaigh": "quaigh"
      },
      "locked": {
        "lastModified": 1727695229,
        "narHash": "sha256-WZUPoPKAilBWRfnRifMzwEXJePFuc2imN2XUNkGklRI=",
        "owner": "donn",
        "repo": "nl2bench",
        "rev": "179d8dfdf7c0843a54fbadaeed007586525e1d77",
        "type": "github"
      },
      "original": {
        "owner": "donn",
        "ref": "pyosys",
        "repo": "nl2bench",
        "type": "github"
      }
    },
    "quaigh": {
      "inputs": {
        "cargo2nix": "cargo2nix",
        "nixpkgs": "nixpkgs_2"
      },
      "locked": {
        "lastModified": 1722162293,
        "narHash": "sha256-WILtL6WKXs5pB5Jujx9HIT2w1jiVTZymXC7DTuqLPEM=",
        "owner": "coloquinte",
        "repo": "quaigh",
        "rev": "2fec998178d4e48c5379dd0a2025f8688797f99a",
        "type": "github"
      },
      "original": {
        "owner": "coloquinte",
        "repo": "quaigh",
        "type": "github"
      }
    },
    "quaigh_2": {
      "inputs": {
        "cargo2nix": "cargo2nix_2",
        "nixpkgs": [
          "nix-eda",
          "nixpkgs"
        ]
      },
      "locked": {
        "lastModified": 1722162293,
        "narHash": "sha256-WILtL6WKXs5pB5Jujx9HIT2w1jiVTZymXC7DTuqLPEM=",
        "owner": "coloquinte",
        "repo": "quaigh",
        "rev": "2fec998178d4e48c5379dd0a2025f8688797f99a",
        "type": "github"
      },
      "original": {
        "owner": "coloquinte",
        "repo": "quaigh",
        "type": "github"
      }
    },
    "root": {
      "inputs": {
        "nix-eda": "nix-eda",
        "nl2bench": "nl2bench",
        "quaigh": "quaigh_2"
      }
    },
    "rust-overlay": {
      "inputs": {
        "flake-utils": [
          "nl2bench",
          "quaigh",
          "cargo2nix",
          "flake-utils"
        ],
        "nixpkgs": [
          "nl2bench",
          "quaigh",
          "cargo2nix",
          "nixpkgs"
        ]
      },
      "locked": {
        "lastModified": 1705112162,
        "narHash": "sha256-IAM0+Uijh/fwlfoeDrOwau9MxcZW3zeDoUHc6Z3xfqM=",
        "owner": "oxalica",
        "repo": "rust-overlay",
        "rev": "9e0af26ffe52bf955ad5575888f093e41fba0104",
        "type": "github"
      },
      "original": {
        "owner": "oxalica",
        "repo": "rust-overlay",
        "type": "github"
      }
    },
    "rust-overlay_2": {
      "inputs": {
        "flake-utils": [
          "quaigh",
          "cargo2nix",
          "flake-utils"
        ],
        "nixpkgs": [
          "quaigh",
          "cargo2nix",
          "nixpkgs"
        ]
      },
      "locked": {
        "lastModified": 1705112162,
        "narHash": "sha256-IAM0+Uijh/fwlfoeDrOwau9MxcZW3zeDoUHc6Z3xfqM=",
        "owner": "oxalica",
        "repo": "rust-overlay",
        "rev": "9e0af26ffe52bf955ad5575888f093e41fba0104",
        "type": "github"
      },
      "original": {
        "owner": "oxalica",
        "repo": "rust-overlay",
        "type": "github"
      }
    },
    "systems": {
      "locked": {
        "lastModified": 1681028828,
        "narHash": "sha256-Vy1rq5AaRuLzOxct8nz4T6wlgyUR7zLU309k9mBC768=",
        "owner": "nix-systems",
        "repo": "default",
        "rev": "da67096a3b9bf56a91d16901293e51ba5b49a27e",
        "type": "github"
      },
      "original": {
        "owner": "nix-systems",
        "repo": "default",
        "type": "github"
      }
    },
    "systems_2": {
      "locked": {
        "lastModified": 1681028828,
        "narHash": "sha256-Vy1rq5AaRuLzOxct8nz4T6wlgyUR7zLU309k9mBC768=",
        "owner": "nix-systems",
        "repo": "default",
        "rev": "da67096a3b9bf56a91d16901293e51ba5b49a27e",
        "type": "github"
      },
      "original": {
        "owner": "nix-systems",
        "repo": "default",
        "type": "github"
      }
    }
  },
  "root": "root",
  "version": 7
}
