{
  "object": {
    "pins": [
      {
        "package": "BigInt",
        "repositoryURL": "https://github.com/attaswift/BigInt.git",
        "state": {
          "branch": null,
          "revision": "2bbb8a7addeb79ceccf45acac9f6e2a07cbe9680",
          "version": "5.1.0"
        }
      },
      {
        "package": "CommandLineKit",
        "repositoryURL": "https://github.com/pvieito/CommandLineKit",
        "state": {
          "branch": "master",
          "revision": "a4ca3c200b87490d070c930d5033ade2fd26ef71",
          "version": null
        }
      },
      {
        "package": "Defile",
        "repositoryURL": "https://github.com/donn/Defile.git",
        "state": {
          "branch": "master",
          "revision": "a66e27059eb158c4ef6c49fd6f899be30bb99002",
          "version": null
        }
      },
      {
        "package": "LoggerKit",
        "repositoryURL": "https://github.com/pvieito/LoggerKit.git",
        "state": {
          "branch": "master",
          "revision": "2d1cecdc0c8c01a0714031c7e0740318f5b1a60e",
          "version": null
        }
      },
      {
        "package": "OrderedDictionary",
        "repositoryURL": "https://github.com/lukaskubanek/OrderedDictionary.git",
        "state": {
          "branch": "master",
          "revision": "acb62df76052bef95a918d26f12bf4996b8587ea",
          "version": null
        }
      },
      {
        "package": "PythonKit",
        "repositoryURL": "https://github.com/pvieito/PythonKit",
        "state": {
          "branch": "master",
          "revision": "05f75d162601eb39d879812d5ab0cc7e7d8954cf",
          "version": null
        }
      },
      {
        "package": "swift-argument-parser",
        "repositoryURL": "https://github.com/apple/swift-argument-parser",
        "state": {
          "branch": null,
          "revision": "35b76bf577d3cc74820f8991894ce3bcdf024ddc",
          "version": "0.0.2"
        }
      }
    ]
  },
  "version": 1
}
