{
  "object": {
    "pins": [
      {
        "package": "CommandLineKit",
        "repositoryURL": "https://github.com/pvieito/CommandLineKit",
        "state": {
          "branch": "master",
          "revision": "5de2f669b0a8eb6d1db0c9592332a5584384c1df",
          "version": null
        }
      },
      {
        "package": "Defile",
        "repositoryURL": "https://github.com/donn/Defile.git",
        "state": {
          "branch": "master",
          "revision": "a66e27059eb158c4ef6c49fd6f899be30bb99002",
          "version": null
        }
      },
      {
        "package": "LoggerKit",
        "repositoryURL": "https://github.com/pvieito/LoggerKit.git",
        "state": {
          "branch": "master",
          "revision": "9d09a46f54c87e2545eeb4801078ea1ea7f997f5",
          "version": null
        }
      },
      {
        "package": "OrderedDictionary",
        "repositoryURL": "https://github.com/lukaskubanek/OrderedDictionary.git",
        "state": {
          "branch": "master",
          "revision": "005ef5c3ee5a059608281ca95efc342e47467bab",
          "version": null
        }
      },
      {
        "package": "PythonKit",
        "repositoryURL": "https://github.com/pvieito/PythonKit",
        "state": {
          "branch": "master",
          "revision": "45d9a983920f9015ae6fdfd9f96bbe13b5b3ecdb",
          "version": null
        }
      }
    ]
  },
  "version": 1
}
