{
  "object": {
    "pins": [
      {
        "package": "BigInt",
        "repositoryURL": "https://github.com/attaswift/BigInt.git",
        "state": {
          "branch": null,
          "revision": "889a1ecacd73ccc189c5cb29288048f186c44ed9",
          "version": "5.2.1"
        }
      },
      {
        "package": "CommandLineKit",
        "repositoryURL": "https://github.com/pvieito/CommandLineKit",
        "state": {
          "branch": "master",
          "revision": "a4ca3c200b87490d070c930d5033ade2fd26ef71",
          "version": null
        }
      },
      {
        "package": "Defile",
        "repositoryURL": "https://github.com/donn/Defile.git",
        "state": {
          "branch": null,
          "revision": "9021d9c0fb28b1df48a6fd0db065fd3adb9e718a",
          "version": "5.2.1"
        }
      },
      {
        "package": "OrderedDictionary",
        "repositoryURL": "https://github.com/lukaskubanek/OrderedDictionary.git",
        "state": {
          "branch": null,
          "revision": "9adcc6f84c470bd80a29e16887c0f94fea2a783d",
          "version": "3.0.1"
        }
      },
      {
        "package": "PythonKit",
        "repositoryURL": "https://github.com/pvieito/PythonKit",
        "state": {
          "branch": "master",
          "revision": "c77231820148515a77e9bba5016a57e5a88ef007",
          "version": null
        }
      }
    ]
  },
  "version": 1
}
